// !$*UTF8*$!
{
	archiveVersion = 1;
	classes = {
	};
	objectVersion = 50;
	objects = {

/* Begin PBXBuildFile section */
		A464377622687B2600C71C31 /* AppDelegate.swift in Sources */ = {isa = PBXBuildFile; fileRef = A464377522687B2600C71C31 /* AppDelegate.swift */; };
		A464377822687B2600C71C31 /* ViewController.swift in Sources */ = {isa = PBXBuildFile; fileRef = A464377722687B2600C71C31 /* ViewController.swift */; };
		A464377B22687B2600C71C31 /* Main.storyboard in Resources */ = {isa = PBXBuildFile; fileRef = A464377922687B2600C71C31 /* Main.storyboard */; };
		A464377D22687B2800C71C31 /* Assets.xcassets in Resources */ = {isa = PBXBuildFile; fileRef = A464377C22687B2800C71C31 /* Assets.xcassets */; };
		A464378022687B2800C71C31 /* LaunchScreen.storyboard in Resources */ = {isa = PBXBuildFile; fileRef = A464377E22687B2800C71C31 /* LaunchScreen.storyboard */; };
		A464378B22687B2800C71C31 /* LoginAppTests.swift in Sources */ = {isa = PBXBuildFile; fileRef = A464378A22687B2800C71C31 /* LoginAppTests.swift */; };
		A464379622687B2800C71C31 /* LoginAppUITests.swift in Sources */ = {isa = PBXBuildFile; fileRef = A464379522687B2800C71C31 /* LoginAppUITests.swift */; };
		A46437A522687B7800C71C31 /* StepOneViewController.swift in Sources */ = {isa = PBXBuildFile; fileRef = A46437A422687B7800C71C31 /* StepOneViewController.swift */; };
		A46437A722687BB300C71C31 /* StepOneViewController.storyboard in Resources */ = {isa = PBXBuildFile; fileRef = A46437A622687BB300C71C31 /* StepOneViewController.storyboard */; };
		A46437AA22687C2500C71C31 /* AnimationTextField.swift in Sources */ = {isa = PBXBuildFile; fileRef = A46437A922687C2500C71C31 /* AnimationTextField.swift */; };
		A46437AD22687E7100C71C31 /* LoginViewController.swift in Sources */ = {isa = PBXBuildFile; fileRef = A46437AC22687E7100C71C31 /* LoginViewController.swift */; };
		A46437AF22687E9A00C71C31 /* LoginViewController.storyboard in Resources */ = {isa = PBXBuildFile; fileRef = A46437AE22687E9A00C71C31 /* LoginViewController.storyboard */; };
		A4BFECCF226950C00016992E /* StepTwoViewController.swift in Sources */ = {isa = PBXBuildFile; fileRef = A4BFECCE226950C00016992E /* StepTwoViewController.swift */; };
		A4BFECD1226950E70016992E /* StepTwoViewController.storyboard in Resources */ = {isa = PBXBuildFile; fileRef = A4BFECD0226950E70016992E /* StepTwoViewController.storyboard */; };
		A4BFECD4226954710016992E /* StepThreeViewController.swift in Sources */ = {isa = PBXBuildFile; fileRef = A4BFECD3226954710016992E /* StepThreeViewController.swift */; };
		A4BFECD6226954980016992E /* StepThreeViewController.storyboard in Resources */ = {isa = PBXBuildFile; fileRef = A4BFECD5226954980016992E /* StepThreeViewController.storyboard */; };
/* End PBXBuildFile section */

/* Begin PBXContainerItemProxy section */
		A464378722687B2800C71C31 /* PBXContainerItemProxy */ = {
			isa = PBXContainerItemProxy;
			containerPortal = A464376A22687B2600C71C31 /* Project object */;
			proxyType = 1;
			remoteGlobalIDString = A464377122687B2600C71C31;
			remoteInfo = LoginApp;
		};
		A464379222687B2800C71C31 /* PBXContainerItemProxy */ = {
			isa = PBXContainerItemProxy;
			containerPortal = A464376A22687B2600C71C31 /* Project object */;
			proxyType = 1;
			remoteGlobalIDString = A464377122687B2600C71C31;
			remoteInfo = LoginApp;
		};
/* End PBXContainerItemProxy section */

/* Begin PBXFileReference section */
		A464377222687B2600C71C31 /* LoginApp.app */ = {isa = PBXFileReference; explicitFileType = wrapper.application; includeInIndex = 0; path = LoginApp.app; sourceTree = BUILT_PRODUCTS_DIR; };
		A464377522687B2600C71C31 /* AppDelegate.swift */ = {isa = PBXFileReference; lastKnownFileType = sourcecode.swift; path = AppDelegate.swift; sourceTree = "<group>"; };
		A464377722687B2600C71C31 /* ViewController.swift */ = {isa = PBXFileReference; lastKnownFileType = sourcecode.swift; path = ViewController.swift; sourceTree = "<group>"; };
		A464377A22687B2600C71C31 /* Base */ = {isa = PBXFileReference; lastKnownFileType = file.storyboard; name = Base; path = Base.lproj/Main.storyboard; sourceTree = "<group>"; };
		A464377C22687B2800C71C31 /* Assets.xcassets */ = {isa = PBXFileReference; lastKnownFileType = folder.assetcatalog; path = Assets.xcassets; sourceTree = "<group>"; };
		A464377F22687B2800C71C31 /* Base */ = {isa = PBXFileReference; lastKnownFileType = file.storyboard; name = Base; path = Base.lproj/LaunchScreen.storyboard; sourceTree = "<group>"; };
		A464378122687B2800C71C31 /* Info.plist */ = {isa = PBXFileReference; lastKnownFileType = text.plist.xml; path = Info.plist; sourceTree = "<group>"; };
		A464378622687B2800C71C31 /* LoginAppTests.xctest */ = {isa = PBXFileReference; explicitFileType = wrapper.cfbundle; includeInIndex = 0; path = LoginAppTests.xctest; sourceTree = BUILT_PRODUCTS_DIR; };
		A464378A22687B2800C71C31 /* LoginAppTests.swift */ = {isa = PBXFileReference; lastKnownFileType = sourcecode.swift; path = LoginAppTests.swift; sourceTree = "<group>"; };
		A464378C22687B2800C71C31 /* Info.plist */ = {isa = PBXFileReference; lastKnownFileType = text.plist.xml; path = Info.plist; sourceTree = "<group>"; };
		A464379122687B2800C71C31 /* LoginAppUITests.xctest */ = {isa = PBXFileReference; explicitFileType = wrapper.cfbundle; includeInIndex = 0; path = LoginAppUITests.xctest; sourceTree = BUILT_PRODUCTS_DIR; };
		A464379522687B2800C71C31 /* LoginAppUITests.swift */ = {isa = PBXFileReference; lastKnownFileType = sourcecode.swift; path = LoginAppUITests.swift; sourceTree = "<group>"; };
		A464379722687B2800C71C31 /* Info.plist */ = {isa = PBXFileReference; lastKnownFileType = text.plist.xml; path = Info.plist; sourceTree = "<group>"; };
		A46437A422687B7800C71C31 /* StepOneViewController.swift */ = {isa = PBXFileReference; lastKnownFileType = sourcecode.swift; path = StepOneViewController.swift; sourceTree = "<group>"; };
		A46437A622687BB300C71C31 /* StepOneViewController.storyboard */ = {isa = PBXFileReference; lastKnownFileType = file.storyboard; path = StepOneViewController.storyboard; sourceTree = "<group>"; };
		A46437A922687C2500C71C31 /* AnimationTextField.swift */ = {isa = PBXFileReference; lastKnownFileType = sourcecode.swift; path = AnimationTextField.swift; sourceTree = "<group>"; };
		A46437AC22687E7100C71C31 /* LoginViewController.swift */ = {isa = PBXFileReference; lastKnownFileType = sourcecode.swift; path = LoginViewController.swift; sourceTree = "<group>"; };
		A46437AE22687E9A00C71C31 /* LoginViewController.storyboard */ = {isa = PBXFileReference; lastKnownFileType = file.storyboard; path = LoginViewController.storyboard; sourceTree = "<group>"; };
		A4BFECCE226950C00016992E /* StepTwoViewController.swift */ = {isa = PBXFileReference; lastKnownFileType = sourcecode.swift; path = StepTwoViewController.swift; sourceTree = "<group>"; };
		A4BFECD0226950E70016992E /* StepTwoViewController.storyboard */ = {isa = PBXFileReference; lastKnownFileType = file.storyboard; path = StepTwoViewController.storyboard; sourceTree = "<group>"; };
		A4BFECD3226954710016992E /* StepThreeViewController.swift */ = {isa = PBXFileReference; lastKnownFileType = sourcecode.swift; path = StepThreeViewController.swift; sourceTree = "<group>"; };
		A4BFECD5226954980016992E /* StepThreeViewController.storyboard */ = {isa = PBXFileReference; lastKnownFileType = file.storyboard; path = StepThreeViewController.storyboard; sourceTree = "<group>"; };
/* End PBXFileReference section */

/* Begin PBXFrameworksBuildPhase section */
		A464376F22687B2600C71C31 /* Frameworks */ = {
			isa = PBXFrameworksBuildPhase;
			buildActionMask = 2147483647;
			files = (
			);
			runOnlyForDeploymentPostprocessing = 0;
		};
		A464378322687B2800C71C31 /* Frameworks */ = {
			isa = PBXFrameworksBuildPhase;
			buildActionMask = 2147483647;
			files = (
			);
			runOnlyForDeploymentPostprocessing = 0;
		};
		A464378E22687B2800C71C31 /* Frameworks */ = {
			isa = PBXFrameworksBuildPhase;
			buildActionMask = 2147483647;
			files = (
			);
			runOnlyForDeploymentPostprocessing = 0;
		};
/* End PBXFrameworksBuildPhase section */

/* Begin PBXGroup section */
		A464376922687B2600C71C31 = {
			isa = PBXGroup;
			children = (
				A464377422687B2600C71C31 /* LoginApp */,
				A464378922687B2800C71C31 /* LoginAppTests */,
				A464379422687B2800C71C31 /* LoginAppUITests */,
				A464377322687B2600C71C31 /* Products */,
			);
			sourceTree = "<group>";
		};
		A464377322687B2600C71C31 /* Products */ = {
			isa = PBXGroup;
			children = (
				A464377222687B2600C71C31 /* LoginApp.app */,
				A464378622687B2800C71C31 /* LoginAppTests.xctest */,
				A464379122687B2800C71C31 /* LoginAppUITests.xctest */,
			);
			name = Products;
			sourceTree = "<group>";
		};
		A464377422687B2600C71C31 /* LoginApp */ = {
			isa = PBXGroup;
			children = (
				A464377522687B2600C71C31 /* AppDelegate.swift */,
				A464377722687B2600C71C31 /* ViewController.swift */,
				A464377922687B2600C71C31 /* Main.storyboard */,
				A46437A322687B5B00C71C31 /* Step1 */,
				A4BFECCD226950A40016992E /* Step2 */,
				A4BFECD2226954520016992E /* Step3 */,
				A46437AB22687E2D00C71C31 /* Product */,
				A46437A822687BED00C71C31 /* Style */,
				A464377C22687B2800C71C31 /* Assets.xcassets */,
				A464377E22687B2800C71C31 /* LaunchScreen.storyboard */,
				A464378122687B2800C71C31 /* Info.plist */,
			);
			path = LoginApp;
			sourceTree = "<group>";
		};
		A464378922687B2800C71C31 /* LoginAppTests */ = {
			isa = PBXGroup;
			children = (
				A464378A22687B2800C71C31 /* LoginAppTests.swift */,
				A464378C22687B2800C71C31 /* Info.plist */,
			);
			path = LoginAppTests;
			sourceTree = "<group>";
		};
		A464379422687B2800C71C31 /* LoginAppUITests */ = {
			isa = PBXGroup;
			children = (
				A464379522687B2800C71C31 /* LoginAppUITests.swift */,
				A464379722687B2800C71C31 /* Info.plist */,
			);
			path = LoginAppUITests;
			sourceTree = "<group>";
		};
		A46437A322687B5B00C71C31 /* Step1 */ = {
			isa = PBXGroup;
			children = (
				A46437A422687B7800C71C31 /* StepOneViewController.swift */,
				A46437A622687BB300C71C31 /* StepOneViewController.storyboard */,
			);
			path = Step1;
			sourceTree = "<group>";
		};
		A46437A822687BED00C71C31 /* Style */ = {
			isa = PBXGroup;
			children = (
				A46437A922687C2500C71C31 /* AnimationTextField.swift */,
			);
			path = Style;
			sourceTree = "<group>";
		};
		A46437AB22687E2D00C71C31 /* Product */ = {
			isa = PBXGroup;
			children = (
				A46437AC22687E7100C71C31 /* LoginViewController.swift */,
				A46437AE22687E9A00C71C31 /* LoginViewController.storyboard */,
			);
			path = Product;
			sourceTree = "<group>";
		};
		A4BFECCD226950A40016992E /* Step2 */ = {
			isa = PBXGroup;
			children = (
				A4BFECCE226950C00016992E /* StepTwoViewController.swift */,
				A4BFECD0226950E70016992E /* StepTwoViewController.storyboard */,
			);
			path = Step2;
			sourceTree = "<group>";
		};
		A4BFECD2226954520016992E /* Step3 */ = {
			isa = PBXGroup;
			children = (
				A4BFECD3226954710016992E /* StepThreeViewController.swift */,
				A4BFECD5226954980016992E /* StepThreeViewController.storyboard */,
			);
			path = Step3;
			sourceTree = "<group>";
		};
/* End PBXGroup section */

/* Begin PBXNativeTarget section */
		A464377122687B2600C71C31 /* LoginApp */ = {
			isa = PBXNativeTarget;
			buildConfigurationList = A464379A22687B2800C71C31 /* Build configuration list for PBXNativeTarget "LoginApp" */;
			buildPhases = (
				A464376E22687B2600C71C31 /* Sources */,
				A464376F22687B2600C71C31 /* Frameworks */,
				A464377022687B2600C71C31 /* Resources */,
			);
			buildRules = (
			);
			dependencies = (
			);
			name = LoginApp;
			productName = LoginApp;
			productReference = A464377222687B2600C71C31 /* LoginApp.app */;
			productType = "com.apple.product-type.application";
		};
		A464378522687B2800C71C31 /* LoginAppTests */ = {
			isa = PBXNativeTarget;
			buildConfigurationList = A464379D22687B2800C71C31 /* Build configuration list for PBXNativeTarget "LoginAppTests" */;
			buildPhases = (
				A464378222687B2800C71C31 /* Sources */,
				A464378322687B2800C71C31 /* Frameworks */,
				A464378422687B2800C71C31 /* Resources */,
			);
			buildRules = (
			);
			dependencies = (
				A464378822687B2800C71C31 /* PBXTargetDependency */,
			);
			name = LoginAppTests;
			productName = LoginAppTests;
			productReference = A464378622687B2800C71C31 /* LoginAppTests.xctest */;
			productType = "com.apple.product-type.bundle.unit-test";
		};
		A464379022687B2800C71C31 /* LoginAppUITests */ = {
			isa = PBXNativeTarget;
			buildConfigurationList = A46437A022687B2800C71C31 /* Build configuration list for PBXNativeTarget "LoginAppUITests" */;
			buildPhases = (
				A464378D22687B2800C71C31 /* Sources */,
				A464378E22687B2800C71C31 /* Frameworks */,
				A464378F22687B2800C71C31 /* Resources */,
			);
			buildRules = (
			);
			dependencies = (
				A464379322687B2800C71C31 /* PBXTargetDependency */,
			);
			name = LoginAppUITests;
			productName = LoginAppUITests;
			productReference = A464379122687B2800C71C31 /* LoginAppUITests.xctest */;
			productType = "com.apple.product-type.bundle.ui-testing";
		};
/* End PBXNativeTarget section */

/* Begin PBXProject section */
		A464376A22687B2600C71C31 /* Project object */ = {
			isa = PBXProject;
			attributes = {
				LastSwiftUpdateCheck = 1020;
				LastUpgradeCheck = 1020;
				ORGANIZATIONNAME = "Yamada Shunya";
				TargetAttributes = {
					A464377122687B2600C71C31 = {
						CreatedOnToolsVersion = 10.2.1;
					};
					A464378522687B2800C71C31 = {
						CreatedOnToolsVersion = 10.2.1;
						TestTargetID = A464377122687B2600C71C31;
					};
					A464379022687B2800C71C31 = {
						CreatedOnToolsVersion = 10.2.1;
						TestTargetID = A464377122687B2600C71C31;
					};
				};
			};
			buildConfigurationList = A464376D22687B2600C71C31 /* Build configuration list for PBXProject "LoginApp" */;
			compatibilityVersion = "Xcode 9.3";
			developmentRegion = en;
			hasScannedForEncodings = 0;
			knownRegions = (
				en,
				Base,
			);
			mainGroup = A464376922687B2600C71C31;
			productRefGroup = A464377322687B2600C71C31 /* Products */;
			projectDirPath = "";
			projectRoot = "";
			targets = (
				A464377122687B2600C71C31 /* LoginApp */,
				A464378522687B2800C71C31 /* LoginAppTests */,
				A464379022687B2800C71C31 /* LoginAppUITests */,
			);
		};
/* End PBXProject section */

/* Begin PBXResourcesBuildPhase section */
		A464377022687B2600C71C31 /* Resources */ = {
			isa = PBXResourcesBuildPhase;
			buildActionMask = 2147483647;
			files = (
				A4BFECD6226954980016992E /* StepThreeViewController.storyboard in Resources */,
				A4BFECD1226950E70016992E /* StepTwoViewController.storyboard in Resources */,
				A46437A722687BB300C71C31 /* StepOneViewController.storyboard in Resources */,
				A464378022687B2800C71C31 /* LaunchScreen.storyboard in Resources */,
				A46437AF22687E9A00C71C31 /* LoginViewController.storyboard in Resources */,
				A464377D22687B2800C71C31 /* Assets.xcassets in Resources */,
				A464377B22687B2600C71C31 /* Main.storyboard in Resources */,
			);
			runOnlyForDeploymentPostprocessing = 0;
		};
		A464378422687B2800C71C31 /* Resources */ = {
			isa = PBXResourcesBuildPhase;
			buildActionMask = 2147483647;
			files = (
			);
			runOnlyForDeploymentPostprocessing = 0;
		};
		A464378F22687B2800C71C31 /* Resources */ = {
			isa = PBXResourcesBuildPhase;
			buildActionMask = 2147483647;
			files = (
			);
			runOnlyForDeploymentPostprocessing = 0;
		};
/* End PBXResourcesBuildPhase section */

/* Begin PBXSourcesBuildPhase section */
		A464376E22687B2600C71C31 /* Sources */ = {
			isa = PBXSourcesBuildPhase;
			buildActionMask = 2147483647;
			files = (
				A46437AA22687C2500C71C31 /* AnimationTextField.swift in Sources */,
				A46437A522687B7800C71C31 /* StepOneViewController.swift in Sources */,
				A464377822687B2600C71C31 /* ViewController.swift in Sources */,
				A46437AD22687E7100C71C31 /* LoginViewController.swift in Sources */,
				A464377622687B2600C71C31 /* AppDelegate.swift in Sources */,
				A4BFECCF226950C00016992E /* StepTwoViewController.swift in Sources */,
				A4BFECD4226954710016992E /* StepThreeViewController.swift in Sources */,
			);
			runOnlyForDeploymentPostprocessing = 0;
		};
		A464378222687B2800C71C31 /* Sources */ = {
			isa = PBXSourcesBuildPhase;
			buildActionMask = 2147483647;
			files = (
				A464378B22687B2800C71C31 /* LoginAppTests.swift in Sources */,
			);
			runOnlyForDeploymentPostprocessing = 0;
		};
		A464378D22687B2800C71C31 /* Sources */ = {
			isa = PBXSourcesBuildPhase;
			buildActionMask = 2147483647;
			files = (
				A464379622687B2800C71C31 /* LoginAppUITests.swift in Sources */,
			);
			runOnlyForDeploymentPostprocessing = 0;
		};
/* End PBXSourcesBuildPhase section */

/* Begin PBXTargetDependency section */
		A464378822687B2800C71C31 /* PBXTargetDependency */ = {
			isa = PBXTargetDependency;
			target = A464377122687B2600C71C31 /* LoginApp */;
			targetProxy = A464378722687B2800C71C31 /* PBXContainerItemProxy */;
		};
		A464379322687B2800C71C31 /* PBXTargetDependency */ = {
			isa = PBXTargetDependency;
			target = A464377122687B2600C71C31 /* LoginApp */;
			targetProxy = A464379222687B2800C71C31 /* PBXContainerItemProxy */;
		};
/* End PBXTargetDependency section */

/* Begin PBXVariantGroup section */
		A464377922687B2600C71C31 /* Main.storyboard */ = {
			isa = PBXVariantGroup;
			children = (
				A464377A22687B2600C71C31 /* Base */,
			);
			name = Main.storyboard;
			sourceTree = "<group>";
		};
		A464377E22687B2800C71C31 /* LaunchScreen.storyboard */ = {
			isa = PBXVariantGroup;
			children = (
				A464377F22687B2800C71C31 /* Base */,
			);
			name = LaunchScreen.storyboard;
			sourceTree = "<group>";
		};
/* End PBXVariantGroup section */

/* Begin XCBuildConfiguration section */
		A464379822687B2800C71C31 /* Debug */ = {
			isa = XCBuildConfiguration;
			buildSettings = {
				ALWAYS_SEARCH_USER_PATHS = NO;
				CLANG_ANALYZER_NONNULL = YES;
				CLANG_ANALYZER_NUMBER_OBJECT_CONVERSION = YES_AGGRESSIVE;
				CLANG_CXX_LANGUAGE_STANDARD = "gnu++14";
				CLANG_CXX_LIBRARY = "libc++";
				CLANG_ENABLE_MODULES = YES;
				CLANG_ENABLE_OBJC_ARC = YES;
				CLANG_ENABLE_OBJC_WEAK = YES;
				CLANG_WARN_BLOCK_CAPTURE_AUTORELEASING = YES;
				CLANG_WARN_BOOL_CONVERSION = YES;
				CLANG_WARN_COMMA = YES;
				CLANG_WARN_CONSTANT_CONVERSION = YES;
				CLANG_WARN_DEPRECATED_OBJC_IMPLEMENTATIONS = YES;
				CLANG_WARN_DIRECT_OBJC_ISA_USAGE = YES_ERROR;
				CLANG_WARN_DOCUMENTATION_COMMENTS = YES;
				CLANG_WARN_EMPTY_BODY = YES;
				CLANG_WARN_ENUM_CONVERSION = YES;
				CLANG_WARN_INFINITE_RECURSION = YES;
				CLANG_WARN_INT_CONVERSION = YES;
				CLANG_WARN_NON_LITERAL_NULL_CONVERSION = YES;
				CLANG_WARN_OBJC_IMPLICIT_RETAIN_SELF = YES;
				CLANG_WARN_OBJC_LITERAL_CONVERSION = YES;
				CLANG_WARN_OBJC_ROOT_CLASS = YES_ERROR;
				CLANG_WARN_RANGE_LOOP_ANALYSIS = YES;
				CLANG_WARN_STRICT_PROTOTYPES = YES;
				CLANG_WARN_SUSPICIOUS_MOVE = YES;
				CLANG_WARN_UNGUARDED_AVAILABILITY = YES_AGGRESSIVE;
				CLANG_WARN_UNREACHABLE_CODE = YES;
				CLANG_WARN__DUPLICATE_METHOD_MATCH = YES;
				CODE_SIGN_IDENTITY = "iPhone Developer";
				COPY_PHASE_STRIP = NO;
				DEBUG_INFORMATION_FORMAT = dwarf;
				ENABLE_STRICT_OBJC_MSGSEND = YES;
				ENABLE_TESTABILITY = YES;
				GCC_C_LANGUAGE_STANDARD = gnu11;
				GCC_DYNAMIC_NO_PIC = NO;
				GCC_NO_COMMON_BLOCKS = YES;
				GCC_OPTIMIZATION_LEVEL = 0;
				GCC_PREPROCESSOR_DEFINITIONS = (
					"DEBUG=1",
					"$(inherited)",
				);
				GCC_WARN_64_TO_32_BIT_CONVERSION = YES;
				GCC_WARN_ABOUT_RETURN_TYPE = YES_ERROR;
				GCC_WARN_UNDECLARED_SELECTOR = YES;
				GCC_WARN_UNINITIALIZED_AUTOS = YES_AGGRESSIVE;
				GCC_WARN_UNUSED_FUNCTION = YES;
				GCC_WARN_UNUSED_VARIABLE = YES;
				IPHONEOS_DEPLOYMENT_TARGET = 12.2;
				MTL_ENABLE_DEBUG_INFO = INCLUDE_SOURCE;
				MTL_FAST_MATH = YES;
				ONLY_ACTIVE_ARCH = YES;
				SDKROOT = iphoneos;
				SWIFT_ACTIVE_COMPILATION_CONDITIONS = DEBUG;
				SWIFT_OPTIMIZATION_LEVEL = "-Onone";
			};
			name = Debug;
		};
		A464379922687B2800C71C31 /* Release */ = {
			isa = XCBuildConfiguration;
			buildSettings = {
				ALWAYS_SEARCH_USER_PATHS = NO;
				CLANG_ANALYZER_NONNULL = YES;
				CLANG_ANALYZER_NUMBER_OBJECT_CONVERSION = YES_AGGRESSIVE;
				CLANG_CXX_LANGUAGE_STANDARD = "gnu++14";
				CLANG_CXX_LIBRARY = "libc++";
				CLANG_ENABLE_MODULES = YES;
				CLANG_ENABLE_OBJC_ARC = YES;
				CLANG_ENABLE_OBJC_WEAK = YES;
				CLANG_WARN_BLOCK_CAPTURE_AUTORELEASING = YES;
				CLANG_WARN_BOOL_CONVERSION = YES;
				CLANG_WARN_COMMA = YES;
				CLANG_WARN_CONSTANT_CONVERSION = YES;
				CLANG_WARN_DEPRECATED_OBJC_IMPLEMENTATIONS = YES;
				CLANG_WARN_DIRECT_OBJC_ISA_USAGE = YES_ERROR;
				CLANG_WARN_DOCUMENTATION_COMMENTS = YES;
				CLANG_WARN_EMPTY_BODY = YES;
				CLANG_WARN_ENUM_CONVERSION = YES;
				CLANG_WARN_INFINITE_RECURSION = YES;
				CLANG_WARN_INT_CONVERSION = YES;
				CLANG_WARN_NON_LITERAL_NULL_CONVERSION = YES;
				CLANG_WARN_OBJC_IMPLICIT_RETAIN_SELF = YES;
				CLANG_WARN_OBJC_LITERAL_CONVERSION = YES;
				CLANG_WARN_OBJC_ROOT_CLASS = YES_ERROR;
				CLANG_WARN_RANGE_LOOP_ANALYSIS = YES;
				CLANG_WARN_STRICT_PROTOTYPES = YES;
				CLANG_WARN_SUSPICIOUS_MOVE = YES;
				CLANG_WARN_UNGUARDED_AVAILABILITY = YES_AGGRESSIVE;
				CLANG_WARN_UNREACHABLE_CODE = YES;
				CLANG_WARN__DUPLICATE_METHOD_MATCH = YES;
				CODE_SIGN_IDENTITY = "iPhone Developer";
				COPY_PHASE_STRIP = NO;
				DEBUG_INFORMATION_FORMAT = "dwarf-with-dsym";
				ENABLE_NS_ASSERTIONS = NO;
				ENABLE_STRICT_OBJC_MSGSEND = YES;
				GCC_C_LANGUAGE_STANDARD = gnu11;
				GCC_NO_COMMON_BLOCKS = YES;
				GCC_WARN_64_TO_32_BIT_CONVERSION = YES;
				GCC_WARN_ABOUT_RETURN_TYPE = YES_ERROR;
				GCC_WARN_UNDECLARED_SELECTOR = YES;
				GCC_WARN_UNINITIALIZED_AUTOS = YES_AGGRESSIVE;
				GCC_WARN_UNUSED_FUNCTION = YES;
				GCC_WARN_UNUSED_VARIABLE = YES;
				IPHONEOS_DEPLOYMENT_TARGET = 12.2;
				MTL_ENABLE_DEBUG_INFO = NO;
				MTL_FAST_MATH = YES;
				SDKROOT = iphoneos;
				SWIFT_COMPILATION_MODE = wholemodule;
				SWIFT_OPTIMIZATION_LEVEL = "-O";
				VALIDATE_PRODUCT = YES;
			};
			name = Release;
		};
		A464379B22687B2800C71C31 /* Debug */ = {
			isa = XCBuildConfiguration;
			buildSettings = {
				ASSETCATALOG_COMPILER_APPICON_NAME = AppIcon;
				CODE_SIGN_STYLE = Automatic;
				DEVELOPMENT_TEAM = W7P9HBNW4T;
				INFOPLIST_FILE = LoginApp/Info.plist;
				LD_RUNPATH_SEARCH_PATHS = (
					"$(inherited)",
					"@executable_path/Frameworks",
				);
				PRODUCT_BUNDLE_IDENTIFIER = com.LoginApp;
				PRODUCT_NAME = "$(TARGET_NAME)";
				SWIFT_VERSION = 5.0;
				TARGETED_DEVICE_FAMILY = 1;
			};
			name = Debug;
		};
		A464379C22687B2800C71C31 /* Release */ = {
			isa = XCBuildConfiguration;
			buildSettings = {
				ASSETCATALOG_COMPILER_APPICON_NAME = AppIcon;
				CODE_SIGN_STYLE = Automatic;
				DEVELOPMENT_TEAM = W7P9HBNW4T;
				INFOPLIST_FILE = LoginApp/Info.plist;
				LD_RUNPATH_SEARCH_PATHS = (
					"$(inherited)",
					"@executable_path/Frameworks",
				);
				PRODUCT_BUNDLE_IDENTIFIER = com.LoginApp;
				PRODUCT_NAME = "$(TARGET_NAME)";
				SWIFT_VERSION = 5.0;
				TARGETED_DEVICE_FAMILY = 1;
			};
			name = Release;
		};
		A464379E22687B2800C71C31 /* Debug */ = {
			isa = XCBuildConfiguration;
			buildSettings = {
				ALWAYS_EMBED_SWIFT_STANDARD_LIBRARIES = YES;
				BUNDLE_LOADER = "$(TEST_HOST)";
				CODE_SIGN_STYLE = Automatic;
				DEVELOPMENT_TEAM = W7P9HBNW4T;
				INFOPLIST_FILE = LoginAppTests/Info.plist;
				LD_RUNPATH_SEARCH_PATHS = (
					"$(inherited)",
					"@executable_path/Frameworks",
					"@loader_path/Frameworks",
				);
				PRODUCT_BUNDLE_IDENTIFIER = com.LoginAppTests;
				PRODUCT_NAME = "$(TARGET_NAME)";
				SWIFT_VERSION = 5.0;
				TARGETED_DEVICE_FAMILY = "1,2";
				TEST_HOST = "$(BUILT_PRODUCTS_DIR)/LoginApp.app/LoginApp";
			};
			name = Debug;
		};
		A464379F22687B2800C71C31 /* Release */ = {
			isa = XCBuildConfiguration;
			buildSettings = {
				ALWAYS_EMBED_SWIFT_STANDARD_LIBRARIES = YES;
				BUNDLE_LOADER = "$(TEST_HOST)";
				CODE_SIGN_STYLE = Automatic;
				DEVELOPMENT_TEAM = W7P9HBNW4T;
				INFOPLIST_FILE = LoginAppTests/Info.plist;
				LD_RUNPATH_SEARCH_PATHS = (
					"$(inherited)",
					"@executable_path/Frameworks",
					"@loader_path/Frameworks",
				);
				PRODUCT_BUNDLE_IDENTIFIER = com.LoginAppTests;
				PRODUCT_NAME = "$(TARGET_NAME)";
				SWIFT_VERSION = 5.0;
				TARGETED_DEVICE_FAMILY = "1,2";
				TEST_HOST = "$(BUILT_PRODUCTS_DIR)/LoginApp.app/LoginApp";
			};
			name = Release;
		};
		A46437A122687B2800C71C31 /* Debug */ = {
			isa = XCBuildConfiguration;
			buildSettings = {
				ALWAYS_EMBED_SWIFT_STANDARD_LIBRARIES = YES;
				CODE_SIGN_STYLE = Automatic;
				DEVELOPMENT_TEAM = W7P9HBNW4T;
				INFOPLIST_FILE = LoginAppUITests/Info.plist;
				LD_RUNPATH_SEARCH_PATHS = (
					"$(inherited)",
					"@executable_path/Frameworks",
					"@loader_path/Frameworks",
				);
				PRODUCT_BUNDLE_IDENTIFIER = com.LoginAppUITests;
				PRODUCT_NAME = "$(TARGET_NAME)";
				SWIFT_VERSION = 5.0;
				TARGETED_DEVICE_FAMILY = "1,2";
				TEST_TARGET_NAME = LoginApp;
			};
			name = Debug;
		};
		A46437A222687B2800C71C31 /* Release */ = {
			isa = XCBuildConfiguration;
			buildSettings = {
				ALWAYS_EMBED_SWIFT_STANDARD_LIBRARIES = YES;
				CODE_SIGN_STYLE = Automatic;
				DEVELOPMENT_TEAM = W7P9HBNW4T;
				INFOPLIST_FILE = LoginAppUITests/Info.plist;
				LD_RUNPATH_SEARCH_PATHS = (
					"$(inherited)",
					"@executable_path/Frameworks",
					"@loader_path/Frameworks",
				);
				PRODUCT_BUNDLE_IDENTIFIER = com.LoginAppUITests;
				PRODUCT_NAME = "$(TARGET_NAME)";
				SWIFT_VERSION = 5.0;
				TARGETED_DEVICE_FAMILY = "1,2";
				TEST_TARGET_NAME = LoginApp;
			};
			name = Release;
		};
/* End XCBuildConfiguration section */

/* Begin XCConfigurationList section */
		A464376D22687B2600C71C31 /* Build configuration list for PBXProject "LoginApp" */ = {
			isa = XCConfigurationList;
			buildConfigurations = (
				A464379822687B2800C71C31 /* Debug */,
				A464379922687B2800C71C31 /* Release */,
			);
			defaultConfigurationIsVisible = 0;
			defaultConfigurationName = Release;
		};
		A464379A22687B2800C71C31 /* Build configuration list for PBXNativeTarget "LoginApp" */ = {
			isa = XCConfigurationList;
			buildConfigurations = (
				A464379B22687B2800C71C31 /* Debug */,
				A464379C22687B2800C71C31 /* Release */,
			);
			defaultConfigurationIsVisible = 0;
			defaultConfigurationName = Release;
		};
		A464379D22687B2800C71C31 /* Build configuration list for PBXNativeTarget "LoginAppTests" */ = {
			isa = XCConfigurationList;
			buildConfigurations = (
				A464379E22687B2800C71C31 /* Debug */,
				A464379F22687B2800C71C31 /* Release */,
			);
			defaultConfigurationIsVisible = 0;
			defaultConfigurationName = Release;
		};
		A46437A022687B2800C71C31 /* Build configuration list for PBXNativeTarget "LoginAppUITests" */ = {
			isa = XCConfigurationList;
			buildConfigurations = (
				A46437A122687B2800C71C31 /* Debug */,
				A46437A222687B2800C71C31 /* Release */,
			);
			defaultConfigurationIsVisible = 0;
			defaultConfigurationName = Release;
		};
/* End XCConfigurationList section */
	};
	rootObject = A464376A22687B2600C71C31 /* Project object */;
}
